<?xml version="1.0" encoding="utf-8"?>
<Project ToolsVersion="4.0" xmlns="http://schemas.microsoft.com/developer/msbuild/2003">
  <ItemGroup>
    <Filter Include="Source Files">
      <UniqueIdentifier>{4FC737F1-C7A5-4376-A066-2A32D752A2FF}</UniqueIdentifier>
      <Extensions>cpp;c;cc;cxx;c++;cppm;ixx;def;odl;idl;hpj;bat;asm;asmx</Extensions>
    </Filter>
    <Filter Include="Header Files">
      <UniqueIdentifier>{93995380-89BD-4b04-88EB-625FBE52EBFB}</UniqueIdentifier>
      <Extensions>h;hh;hpp;hxx;h++;hm;inl;inc;ipp;xsd</Extensions>
    </Filter>
    <Filter Include="Resource Files">
      <UniqueIdentifier>{67DA6AB6-F800-4c08-8B7A-83BB121AAD01}</UniqueIdentifier>
      <Extensions>rc;ico;cur;bmp;dlg;rc2;rct;bin;rgs;gif;jpg;jpeg;jpe;resx;tiff;tif;png;wav;mfcribbon-ms</Extensions>
    </Filter>
  </ItemGroup>
  <ItemGroup>
    <ClCompile Include="Final Task C++ (OOP).cpp">
      <Filter>Source Files</Filter>
    </ClCompile>
    <ClCompile Include="Color.cpp">
      <Filter>Resource Files</Filter>
    </ClCompile>
    <ClCompile Include="MainMenyu.cpp">
      <Filter>Resource Files</Filter>
    </ClCompile>
    <ClCompile Include="Person.cpp">
      <Filter>Resource Files</Filter>
    </ClCompile>
    <ClCompile Include="AdminClass.cpp">
      <Filter>Resource Files</Filter>
    </ClCompile>
    <ClCompile Include="AdminAccauntClass.cpp">
      <Filter>Resource Files</Filter>
    </ClCompile>
    <ClCompile Include="AccauntControlAdmin.cpp">
      <Filter>Resource Files</Filter>
    </ClCompile>
    <ClCompile Include="AdminLoginMenyu.cpp">
      <Filter>Resource Files</Filter>
    </ClCompile>
    <ClCompile Include="AdminRegister.cpp">
      <Filter>Resource Files</Filter>
    </ClCompile>
    <ClCompile Include="AdminMenyu.cpp">
      <Filter>Resource Files</Filter>
    </ClCompile>
    <ClCompile Include="Ingredient.cpp">
      <Filter>Resource Files</Filter>
    </ClCompile>
    <ClCompile Include="IngedientForArry.cpp">
      <Filter>Resource Files</Filter>
    </ClCompile>
    <ClCompile Include="IngredientsMenyu.cpp">
      <Filter>Resource Files</Filter>
    </ClCompile>
    <ClCompile Include="VectorIstifade.cpp">
      <Filter>Resource Files</Filter>
    </ClCompile>
    <ClCompile Include="Yemekler.cpp">
      <Filter>Resource Files</Filter>
    </ClCompile>
    <ClCompile Include="YemekMenyu.cpp">
      <Filter>Resource Files</Filter>
    </ClCompile>
    <ClCompile Include="UserClass.cpp">
      <Filter>Resource Files</Filter>
    </ClCompile>
    <ClCompile Include="UserAccauntClass.cpp">
      <Filter>Resource Files</Filter>
    </ClCompile>
    <ClCompile Include="UserMenyu.cpp">
      <Filter>Resource Files</Filter>
    </ClCompile>
    <ClCompile Include="AccauntControlUser.cpp">
      <Filter>Resource Files</Filter>
    </ClCompile>
    <ClCompile Include="UserRegister.cpp">
      <Filter>Resource Files</Filter>
    </ClCompile>
    <ClCompile Include="Exceptions.cpp">
      <Filter>Resource Files</Filter>
    </ClCompile>
  </ItemGroup>
  <ItemGroup>
    <ClInclude Include="Enum.h">
      <Filter>Header Files</Filter>
    </ClInclude>
    <ClInclude Include="Color.h">
      <Filter>Header Files</Filter>
    </ClInclude>
    <ClInclude Include="MainMenyu.h">
      <Filter>Header Files</Filter>
    </ClInclude>
    <ClInclude Include="Person.h">
      <Filter>Header Files</Filter>
    </ClInclude>
    <ClInclude Include="AdminClass.h">
      <Filter>Header Files</Filter>
    </ClInclude>
    <ClInclude Include="AdminAccauntClass.h">
      <Filter>Header Files</Filter>
    </ClInclude>
    <ClInclude Include="AccauntControlAdmin.h">
      <Filter>Header Files</Filter>
    </ClInclude>
    <ClInclude Include="AdminLoginMenyu.h">
      <Filter>Header Files</Filter>
    </ClInclude>
    <ClInclude Include="VectorAdminAccaunt.h">
      <Filter>Header Files</Filter>
    </ClInclude>
    <ClInclude Include="AdminRegister.h">
      <Filter>Header Files</Filter>
    </ClInclude>
    <ClInclude Include="AdminMenyu.h">
      <Filter>Header Files</Filter>
    </ClInclude>
    <ClInclude Include="Ingredient.h">
      <Filter>Header Files</Filter>
    </ClInclude>
    <ClInclude Include="IngedientForArry.h">
      <Filter>Header Files</Filter>
    </ClInclude>
    <ClInclude Include="IngredientsMenyu.h">
      <Filter>Header Files</Filter>
    </ClInclude>
    <ClInclude Include="Deyisenler.h">
      <Filter>Header Files</Filter>
    </ClInclude>
    <ClInclude Include="VectorIstifade.h">
      <Filter>Header Files</Filter>
    </ClInclude>
    <ClInclude Include="VectorIngredient.h">
      <Filter>Header Files</Filter>
    </ClInclude>
    <ClInclude Include="Yemekler.h">
      <Filter>Header Files</Filter>
    </ClInclude>
    <ClInclude Include="YemekMenyu.h">
      <Filter>Header Files</Filter>
    </ClInclude>
    <ClInclude Include="YemeklerAmbar.h">
      <Filter>Header Files</Filter>
    </ClInclude>
    <ClInclude Include="YemeklerVector.h">
      <Filter>Header Files</Filter>
    </ClInclude>
    <ClInclude Include="YemekAdd.h">
      <Filter>Header Files</Filter>
    </ClInclude>
    <ClInclude Include="UserClass.h">
      <Filter>Header Files</Filter>
    </ClInclude>
    <ClInclude Include="UserAccauntVector.h">
      <Filter>Header Files</Filter>
    </ClInclude>
    <ClInclude Include="UserAccauntClass.h">
      <Filter>Header Files</Filter>
    </ClInclude>
    <ClInclude Include="UserMenyu.h">
      <Filter>Header Files</Filter>
    </ClInclude>
    <ClInclude Include="UserLoginMenyu.h">
      <Filter>Header Files</Filter>
    </ClInclude>
    <ClInclude Include="AccauntControlUser.h">
      <Filter>Header Files</Filter>
    </ClInclude>
    <ClInclude Include="UserRgister.h">
      <Filter>Header Files</Filter>
    </ClInclude>
    <ClInclude Include="Zakaz.h">
      <Filter>Header Files</Filter>
    </ClInclude>
    <ClInclude Include="SebetVector.h">
      <Filter>Header Files</Filter>
    </ClInclude>
    <ClInclude Include="YemekSebet.h">
      <Filter>Header Files</Filter>
    </ClInclude>
    <ClInclude Include="UserHistory.h">
      <Filter>Header Files</Filter>
    </ClInclude>
    <ClInclude Include="Exceptions.h">
      <Filter>Header Files</Filter>
    </ClInclude>
  </ItemGroup>
</Project>